// !$*UTF8*$!
{
	archiveVersion = 1;
	classes = {
	};
	objectVersion = 77;
	objects = {

/* Begin PBXBuildFile section */
		B57AFD2D2E5E740E00044693 /* ContentView.swift in Sources */ = {isa = PBXBuildFile; fileRef = B57AFD222E5E740E00044693 /* ContentView.swift */; };
		B57AFD2E2E5E740E00044693 /* AsyncImageView.swift in Sources */ = {isa = PBXBuildFile; fileRef = B57AFD1E2E5E740E00044693 /* AsyncImageView.swift */; };
		B57AFD302E5E740E00044693 /* ArticleCellView.swift in Sources */ = {isa = PBXBuildFile; fileRef = B57AFD182E5E740E00044693 /* ArticleCellView.swift */; };
		B57AFD312E5E740E00044693 /* NYTArticlesApp.swift in Sources */ = {isa = PBXBuildFile; fileRef = B57AFD242E5E740E00044693 /* NYTArticlesApp.swift */; };
		B57AFD332E5E740E00044693 /* HeaderNavigationView.swift in Sources */ = {isa = PBXBuildFile; fileRef = B57AFD1B2E5E740E00044693 /* HeaderNavigationView.swift */; };
		B57AFD342E5E740E00044693 /* ArticleListView.swift in Sources */ = {isa = PBXBuildFile; fileRef = B57AFD1A2E5E740E00044693 /* ArticleListView.swift */; };
		B57AFD352E5E740E00044693 /* ArticleListViewModel.swift in Sources */ = {isa = PBXBuildFile; fileRef = B57AFD132E5E740E00044693 /* ArticleListViewModel.swift */; };
		B57AFD362E5E740E00044693 /* Assets.xcassets in Resources */ = {isa = PBXBuildFile; fileRef = B57AFD212E5E740E00044693 /* Assets.xcassets */; };
		B57AFD372E5E740E00044693 /* Preview Assets.xcassets in Resources */ = {isa = PBXBuildFile; fileRef = B57AFD162E5E740E00044693 /* Preview Assets.xcassets */; };
		B57AFD382E5E740E00044693 /* README.md in Resources */ = {isa = PBXBuildFile; fileRef = B57AFD2B2E5E740E00044693 /* README.md */; };
		B57AFD412E5E76E600044693 /* NYTArticlesTests.swift in Sources */ = {isa = PBXBuildFile; fileRef = B57AFD3F2E5E76E600044693 /* NYTArticlesTests.swift */; };
		B57AFDA82E5E7D4400044693 /* HttpClient.swift in Sources */ = {isa = PBXBuildFile; fileRef = B57AFDA52E5E7D4400044693 /* HttpClient.swift */; };
		B57AFDA92E5E7D4400044693 /* HttpEndPoint.swift in Sources */ = {isa = PBXBuildFile; fileRef = B57AFDA62E5E7D4400044693 /* HttpEndPoint.swift */; };
		B57AFDAA2E5E7D4400044693 /* HttpMethods.swift in Sources */ = {isa = PBXBuildFile; fileRef = B57AFDA72E5E7D4400044693 /* HttpMethods.swift */; };
		B57AFDAC2E5E832800044693 /* NetworkConstant.swift in Sources */ = {isa = PBXBuildFile; fileRef = B57AFDAB2E5E832800044693 /* NetworkConstant.swift */; };
		B57AFDAE2E5E860200044693 /* ArticleEndPoint.swift in Sources */ = {isa = PBXBuildFile; fileRef = B57AFDAD2E5E860200044693 /* ArticleEndPoint.swift */; };
		B57AFDB22E5E86AE00044693 /* ArticleNetwork+Contract.swift in Sources */ = {isa = PBXBuildFile; fileRef = B57AFDB12E5E86AE00044693 /* ArticleNetwork+Contract.swift */; };
		B57AFDB62E5E86E000044693 /* ArticleNetwork.swift in Sources */ = {isa = PBXBuildFile; fileRef = B57AFDB52E5E86E000044693 /* ArticleNetwork.swift */; };
		B57AFDB82E5E871800044693 /* ArticleRepository.swift in Sources */ = {isa = PBXBuildFile; fileRef = B57AFDB72E5E871800044693 /* ArticleRepository.swift */; };
		B57AFDBA2E5E873600044693 /* ArticleRepository+Contract.swift in Sources */ = {isa = PBXBuildFile; fileRef = B57AFDB92E5E873600044693 /* ArticleRepository+Contract.swift */; };
		B57AFDBC2E5E88B400044693 /* ArticleModel.swift in Sources */ = {isa = PBXBuildFile; fileRef = B57AFDBB2E5E88B400044693 /* ArticleModel.swift */; };
		B57AFDBF2E5E89DE00044693 /* RequestErrors.swift in Sources */ = {isa = PBXBuildFile; fileRef = B57AFDBE2E5E89DE00044693 /* RequestErrors.swift */; };
/* End PBXBuildFile section */

/* Begin PBXContainerItemProxy section */
		B55DBF332E5E525300CAF031 /* PBXContainerItemProxy */ = {
			isa = PBXContainerItemProxy;
			containerPortal = B55DBF192E5E525100CAF031 /* Project object */;
			proxyType = 1;
			remoteGlobalIDString = B55DBF202E5E525100CAF031;
			remoteInfo = NYTArticles;
		};
		B55DBF3D2E5E525300CAF031 /* PBXContainerItemProxy */ = {
			isa = PBXContainerItemProxy;
			containerPortal = B55DBF192E5E525100CAF031 /* Project object */;
			proxyType = 1;
			remoteGlobalIDString = B55DBF202E5E525100CAF031;
			remoteInfo = NYTArticles;
		};
/* End PBXContainerItemProxy section */

/* Begin PBXFileReference section */
		B57AFD132E5E740E00044693 /* ArticleListViewModel.swift */ = {isa = PBXFileReference; lastKnownFileType = sourcecode.swift; path = ArticleListViewModel.swift; sourceTree = "<group>"; };
		B57AFD162E5E740E00044693 /* Preview Assets.xcassets */ = {isa = PBXFileReference; lastKnownFileType = folder.assetcatalog; path = "Preview Assets.xcassets"; sourceTree = "<group>"; };
		B57AFD182E5E740E00044693 /* ArticleCellView.swift */ = {isa = PBXFileReference; lastKnownFileType = sourcecode.swift; path = ArticleCellView.swift; sourceTree = "<group>"; };
		B57AFD1A2E5E740E00044693 /* ArticleListView.swift */ = {isa = PBXFileReference; lastKnownFileType = sourcecode.swift; path = ArticleListView.swift; sourceTree = "<group>"; };
		B57AFD1B2E5E740E00044693 /* HeaderNavigationView.swift */ = {isa = PBXFileReference; lastKnownFileType = sourcecode.swift; path = HeaderNavigationView.swift; sourceTree = "<group>"; };
		B57AFD1E2E5E740E00044693 /* AsyncImageView.swift */ = {isa = PBXFileReference; lastKnownFileType = sourcecode.swift; path = AsyncImageView.swift; sourceTree = "<group>"; };
		B57AFD212E5E740E00044693 /* Assets.xcassets */ = {isa = PBXFileReference; lastKnownFileType = folder.assetcatalog; path = Assets.xcassets; sourceTree = "<group>"; };
		B57AFD222E5E740E00044693 /* ContentView.swift */ = {isa = PBXFileReference; lastKnownFileType = sourcecode.swift; path = ContentView.swift; sourceTree = "<group>"; };
		B57AFD232E5E740E00044693 /* NYTArticles.entitlements */ = {isa = PBXFileReference; lastKnownFileType = text.plist.entitlements; path = NYTArticles.entitlements; sourceTree = "<group>"; };
		B57AFD242E5E740E00044693 /* NYTArticlesApp.swift */ = {isa = PBXFileReference; lastKnownFileType = sourcecode.swift; path = NYTArticlesApp.swift; sourceTree = "<group>"; };
		B57AFD2B2E5E740E00044693 /* README.md */ = {isa = PBXFileReference; lastKnownFileType = net.daringfireball.markdown; path = README.md; sourceTree = "<group>"; };
		B57AFD3F2E5E76E600044693 /* NYTArticlesTests.swift */ = {isa = PBXFileReference; lastKnownFileType = sourcecode.swift; path = NYTArticlesTests.swift; sourceTree = "<group>"; };
		B57AFD472E5E771700044693 /* NYTArticles.app */ = {isa = PBXFileReference; explicitFileType = wrapper.application; includeInIndex = 0; path = NYTArticles.app; sourceTree = BUILT_PRODUCTS_DIR; };
		B57AFD482E5E771700044693 /* NYTArticlesTests.xctest */ = {isa = PBXFileReference; explicitFileType = wrapper.cfbundle; includeInIndex = 0; path = NYTArticlesTests.xctest; sourceTree = BUILT_PRODUCTS_DIR; };
		B57AFD492E5E771700044693 /* NYTArticlesUITests.xctest */ = {isa = PBXFileReference; explicitFileType = wrapper.cfbundle; includeInIndex = 0; path = NYTArticlesUITests.xctest; sourceTree = BUILT_PRODUCTS_DIR; };
		B57AFDA52E5E7D4400044693 /* HttpClient.swift */ = {isa = PBXFileReference; lastKnownFileType = sourcecode.swift; path = HttpClient.swift; sourceTree = "<group>"; };
		B57AFDA62E5E7D4400044693 /* HttpEndPoint.swift */ = {isa = PBXFileReference; lastKnownFileType = sourcecode.swift; path = HttpEndPoint.swift; sourceTree = "<group>"; };
		B57AFDA72E5E7D4400044693 /* HttpMethods.swift */ = {isa = PBXFileReference; lastKnownFileType = sourcecode.swift; path = HttpMethods.swift; sourceTree = "<group>"; };
		B57AFDAB2E5E832800044693 /* NetworkConstant.swift */ = {isa = PBXFileReference; lastKnownFileType = sourcecode.swift; path = NetworkConstant.swift; sourceTree = "<group>"; };
		B57AFDAD2E5E860200044693 /* ArticleEndPoint.swift */ = {isa = PBXFileReference; lastKnownFileType = sourcecode.swift; path = ArticleEndPoint.swift; sourceTree = "<group>"; };
		B57AFDB12E5E86AE00044693 /* ArticleNetwork+Contract.swift */ = {isa = PBXFileReference; lastKnownFileType = sourcecode.swift; path = "ArticleNetwork+Contract.swift"; sourceTree = "<group>"; };
		B57AFDB52E5E86E000044693 /* ArticleNetwork.swift */ = {isa = PBXFileReference; lastKnownFileType = sourcecode.swift; path = ArticleNetwork.swift; sourceTree = "<group>"; };
		B57AFDB72E5E871800044693 /* ArticleRepository.swift */ = {isa = PBXFileReference; lastKnownFileType = sourcecode.swift; path = ArticleRepository.swift; sourceTree = "<group>"; };
		B57AFDB92E5E873600044693 /* ArticleRepository+Contract.swift */ = {isa = PBXFileReference; lastKnownFileType = sourcecode.swift; path = "ArticleRepository+Contract.swift"; sourceTree = "<group>"; };
		B57AFDBB2E5E88B400044693 /* ArticleModel.swift */ = {isa = PBXFileReference; lastKnownFileType = sourcecode.swift; path = ArticleModel.swift; sourceTree = "<group>"; };
		B57AFDBE2E5E89DE00044693 /* RequestErrors.swift */ = {isa = PBXFileReference; lastKnownFileType = sourcecode.swift; path = RequestErrors.swift; sourceTree = "<group>"; };
/* End PBXFileReference section */

/* Begin PBXFrameworksBuildPhase section */
		B55DBF1E2E5E525100CAF031 /* Frameworks */ = {
			isa = PBXFrameworksBuildPhase;
			buildActionMask = 2147483647;
			files = (
			);
			runOnlyForDeploymentPostprocessing = 0;
		};
		B55DBF2F2E5E525300CAF031 /* Frameworks */ = {
			isa = PBXFrameworksBuildPhase;
			buildActionMask = 2147483647;
			files = (
			);
			runOnlyForDeploymentPostprocessing = 0;
		};
		B55DBF392E5E525300CAF031 /* Frameworks */ = {
			isa = PBXFrameworksBuildPhase;
			buildActionMask = 2147483647;
			files = (
			);
			runOnlyForDeploymentPostprocessing = 0;
		};
/* End PBXFrameworksBuildPhase section */

/* Begin PBXGroup section */
		B55DBF182E5E525100CAF031 = {
			isa = PBXGroup;
			children = (
				B57AFD252E5E740E00044693 /* NYTArticles */,
				B57AFD2B2E5E740E00044693 /* README.md */,
				B57AFD402E5E76E600044693 /* NYTArticlesTests */,
				B57AFD472E5E771700044693 /* NYTArticles.app */,
				B57AFD482E5E771700044693 /* NYTArticlesTests.xctest */,
				B57AFD492E5E771700044693 /* NYTArticlesUITests.xctest */,
			);
			sourceTree = "<group>";
		};
		B57AFD142E5E740E00044693 /* ViewModels */ = {
			isa = PBXGroup;
			children = (
				B57AFD132E5E740E00044693 /* ArticleListViewModel.swift */,
			);
			path = ViewModels;
			sourceTree = "<group>";
		};
		B57AFD152E5E740E00044693 /* Presentation */ = {
			isa = PBXGroup;
			children = (
				B57AFD1C2E5E740E00044693 /* ArticleListView */,
			);
			path = Presentation;
			sourceTree = "<group>";
		};
		B57AFD172E5E740E00044693 /* Preview Content */ = {
			isa = PBXGroup;
			children = (
				B57AFD162E5E740E00044693 /* Preview Assets.xcassets */,
			);
			path = "Preview Content";
			sourceTree = "<group>";
		};
		B57AFD192E5E740E00044693 /* Cells */ = {
			isa = PBXGroup;
			children = (
				B57AFD182E5E740E00044693 /* ArticleCellView.swift */,
			);
			path = Cells;
			sourceTree = "<group>";
		};
		B57AFD1C2E5E740E00044693 /* ArticleListView */ = {
			isa = PBXGroup;
			children = (
				B57AFDA32E5E7AE700044693 /* Views */,
				B57AFD142E5E740E00044693 /* ViewModels */,
			);
			path = ArticleListView;
			sourceTree = "<group>";
		};
		B57AFD1D2E5E740E00044693 /* Scenes */ = {
			isa = PBXGroup;
			children = (
				B57AFD152E5E740E00044693 /* Presentation */,
			);
			path = Scenes;
			sourceTree = "<group>";
		};
		B57AFD1F2E5E740E00044693 /* CustomViews */ = {
			isa = PBXGroup;
			children = (
				B57AFD1E2E5E740E00044693 /* AsyncImageView.swift */,
			);
			path = CustomViews;
			sourceTree = "<group>";
		};
		B57AFD202E5E740E00044693 /* Utilities */ = {
			isa = PBXGroup;
			children = (
				B57AFDBD2E5E89CA00044693 /* AppErrors */,
				B57AFDA42E5E7D2800044693 /* Network */,
				B57AFD9A2E5E794000044693 /* Resources */,
				B57AFD1F2E5E740E00044693 /* CustomViews */,
			);
			path = Utilities;
			sourceTree = "<group>";
		};
		B57AFD252E5E740E00044693 /* NYTArticles */ = {
			isa = PBXGroup;
			children = (
				B57AFD232E5E740E00044693 /* NYTArticles.entitlements */,
				B57AFD4B2E5E77D900044693 /* App */,
				B57AFD202E5E740E00044693 /* Utilities */,
				B57AFD1D2E5E740E00044693 /* Scenes */,
				B57AFD4C2E5E78BB00044693 /* Core */,
			);
			path = NYTArticles;
			sourceTree = "<group>";
		};
		B57AFD402E5E76E600044693 /* NYTArticlesTests */ = {
			isa = PBXGroup;
			children = (
				B57AFD3F2E5E76E600044693 /* NYTArticlesTests.swift */,
			);
			path = NYTArticlesTests;
			sourceTree = "<group>";
		};
		B57AFD4A2E5E77BA00044693 /* Assets */ = {
			isa = PBXGroup;
			children = (
				B57AFD212E5E740E00044693 /* Assets.xcassets */,
			);
			path = Assets;
			sourceTree = "<group>";
		};
		B57AFD4B2E5E77D900044693 /* App */ = {
			isa = PBXGroup;
			children = (
				B57AFD222E5E740E00044693 /* ContentView.swift */,
				B57AFD242E5E740E00044693 /* NYTArticlesApp.swift */,
			);
			path = App;
			sourceTree = "<group>";
		};
		B57AFD4C2E5E78BB00044693 /* Core */ = {
			isa = PBXGroup;
			children = (
				B57AFD9B2E5E7A0500044693 /* Domain */,
				B57AFD9C2E5E7A0D00044693 /* Data */,
			);
			path = Core;
			sourceTree = "<group>";
		};
		B57AFD9A2E5E794000044693 /* Resources */ = {
			isa = PBXGroup;
			children = (
				B57AFD172E5E740E00044693 /* Preview Content */,
				B57AFD4A2E5E77BA00044693 /* Assets */,
			);
			path = Resources;
			sourceTree = "<group>";
		};
		B57AFD9B2E5E7A0500044693 /* Domain */ = {
			isa = PBXGroup;
			children = (
				B57AFD9D2E5E7A3400044693 /* UseCases */,
				B57AFD9E2E5E7A6C00044693 /* Entities */,
				B57AFD9F2E5E7A7300044693 /* Repositories+Contract */,
			);
			path = Domain;
			sourceTree = "<group>";
		};
		B57AFD9C2E5E7A0D00044693 /* Data */ = {
			isa = PBXGroup;
			children = (
				B57AFDA12E5E7AB300044693 /* NetworkManager */,
				B57AFDA02E5E7AA700044693 /* Repository */,
				B57AFDA22E5E7ACF00044693 /* Models */,
			);
			path = Data;
			sourceTree = "<group>";
		};
		B57AFD9D2E5E7A3400044693 /* UseCases */ = {
			isa = PBXGroup;
			children = (
			);
			path = UseCases;
			sourceTree = "<group>";
		};
		B57AFD9E2E5E7A6C00044693 /* Entities */ = {
			isa = PBXGroup;
			children = (
			);
			path = Entities;
			sourceTree = "<group>";
		};
		B57AFD9F2E5E7A7300044693 /* Repositories+Contract */ = {
			isa = PBXGroup;
			children = (
				B57AFDB92E5E873600044693 /* ArticleRepository+Contract.swift */,
			);
			path = "Repositories+Contract";
			sourceTree = "<group>";
		};
		B57AFDA02E5E7AA700044693 /* Repository */ = {
			isa = PBXGroup;
			children = (
				B57AFDB72E5E871800044693 /* ArticleRepository.swift */,
			);
			path = Repository;
			sourceTree = "<group>";
		};
		B57AFDA12E5E7AB300044693 /* NetworkManager */ = {
			isa = PBXGroup;
			children = (
				B57AFDAD2E5E860200044693 /* ArticleEndPoint.swift */,
				B57AFDB12E5E86AE00044693 /* ArticleNetwork+Contract.swift */,
				B57AFDB52E5E86E000044693 /* ArticleNetwork.swift */,
			);
			path = NetworkManager;
			sourceTree = "<group>";
		};
		B57AFDA22E5E7ACF00044693 /* Models */ = {
			isa = PBXGroup;
			children = (
				B57AFDBB2E5E88B400044693 /* ArticleModel.swift */,
			);
			path = Models;
			sourceTree = "<group>";
		};
		B57AFDA32E5E7AE700044693 /* Views */ = {
			isa = PBXGroup;
			children = (
				B57AFD192E5E740E00044693 /* Cells */,
				B57AFD1A2E5E740E00044693 /* ArticleListView.swift */,
				B57AFD1B2E5E740E00044693 /* HeaderNavigationView.swift */,
			);
			path = Views;
			sourceTree = "<group>";
		};
		B57AFDA42E5E7D2800044693 /* Network */ = {
			isa = PBXGroup;
			children = (
				B57AFDA52E5E7D4400044693 /* HttpClient.swift */,
				B57AFDA62E5E7D4400044693 /* HttpEndPoint.swift */,
				B57AFDA72E5E7D4400044693 /* HttpMethods.swift */,
				B57AFDAB2E5E832800044693 /* NetworkConstant.swift */,
			);
			path = Network;
			sourceTree = "<group>";
		};
		B57AFDBD2E5E89CA00044693 /* AppErrors */ = {
			isa = PBXGroup;
			children = (
				B57AFDBE2E5E89DE00044693 /* RequestErrors.swift */,
			);
			path = AppErrors;
			sourceTree = "<group>";
		};
/* End PBXGroup section */

/* Begin PBXNativeTarget section */
		B55DBF202E5E525100CAF031 /* NYTArticles */ = {
			isa = PBXNativeTarget;
			buildConfigurationList = B55DBF462E5E525300CAF031 /* Build configuration list for PBXNativeTarget "NYTArticles" */;
			buildPhases = (
				B55DBF1D2E5E525100CAF031 /* Sources */,
				B55DBF1E2E5E525100CAF031 /* Frameworks */,
				B55DBF1F2E5E525100CAF031 /* Resources */,
			);
			buildRules = (
			);
			dependencies = (
			);
			name = NYTArticles;
			packageProductDependencies = (
			);
			productName = NYTArticles;
			productReference = B57AFD472E5E771700044693 /* NYTArticles.app */;
			productType = "com.apple.product-type.application";
		};
		B55DBF312E5E525300CAF031 /* NYTArticlesTests */ = {
			isa = PBXNativeTarget;
			buildConfigurationList = B55DBF492E5E525300CAF031 /* Build configuration list for PBXNativeTarget "NYTArticlesTests" */;
			buildPhases = (
				B55DBF2E2E5E525300CAF031 /* Sources */,
				B55DBF2F2E5E525300CAF031 /* Frameworks */,
				B55DBF302E5E525300CAF031 /* Resources */,
			);
			buildRules = (
			);
			dependencies = (
				B55DBF342E5E525300CAF031 /* PBXTargetDependency */,
			);
			name = NYTArticlesTests;
			packageProductDependencies = (
			);
			productName = NYTArticlesTests;
			productReference = B57AFD482E5E771700044693 /* NYTArticlesTests.xctest */;
			productType = "com.apple.product-type.bundle.unit-test";
		};
		B55DBF3B2E5E525300CAF031 /* NYTArticlesUITests */ = {
			isa = PBXNativeTarget;
			buildConfigurationList = B55DBF4C2E5E525300CAF031 /* Build configuration list for PBXNativeTarget "NYTArticlesUITests" */;
			buildPhases = (
				B55DBF382E5E525300CAF031 /* Sources */,
				B55DBF392E5E525300CAF031 /* Frameworks */,
				B55DBF3A2E5E525300CAF031 /* Resources */,
			);
			buildRules = (
			);
			dependencies = (
				B55DBF3E2E5E525300CAF031 /* PBXTargetDependency */,
			);
			name = NYTArticlesUITests;
			packageProductDependencies = (
			);
			productName = NYTArticlesUITests;
			productReference = B57AFD492E5E771700044693 /* NYTArticlesUITests.xctest */;
			productType = "com.apple.product-type.bundle.ui-testing";
		};
/* End PBXNativeTarget section */

/* Begin PBXProject section */
		B55DBF192E5E525100CAF031 /* Project object */ = {
			isa = PBXProject;
			attributes = {
				BuildIndependentTargetsInParallel = 1;
				LastSwiftUpdateCheck = 1620;
				LastUpgradeCheck = 1620;
				TargetAttributes = {
					B55DBF202E5E525100CAF031 = {
						CreatedOnToolsVersion = 16.2;
					};
					B55DBF312E5E525300CAF031 = {
						CreatedOnToolsVersion = 16.2;
						TestTargetID = B55DBF202E5E525100CAF031;
					};
					B55DBF3B2E5E525300CAF031 = {
						CreatedOnToolsVersion = 16.2;
						TestTargetID = B55DBF202E5E525100CAF031;
					};
				};
			};
			buildConfigurationList = B55DBF1C2E5E525100CAF031 /* Build configuration list for PBXProject "NYTArticles" */;
			developmentRegion = en;
			hasScannedForEncodings = 0;
			knownRegions = (
				en,
				Base,
			);
			mainGroup = B55DBF182E5E525100CAF031;
			minimizedProjectReferenceProxies = 1;
			preferredProjectObjectVersion = 77;
			productRefGroup = B55DBF182E5E525100CAF031;
			projectDirPath = "";
			projectRoot = "";
			targets = (
				B55DBF202E5E525100CAF031 /* NYTArticles */,
				B55DBF312E5E525300CAF031 /* NYTArticlesTests */,
				B55DBF3B2E5E525300CAF031 /* NYTArticlesUITests */,
			);
		};
/* End PBXProject section */

/* Begin PBXResourcesBuildPhase section */
		B55DBF1F2E5E525100CAF031 /* Resources */ = {
			isa = PBXResourcesBuildPhase;
			buildActionMask = 2147483647;
			files = (
				B57AFD362E5E740E00044693 /* Assets.xcassets in Resources */,
				B57AFD372E5E740E00044693 /* Preview Assets.xcassets in Resources */,
				B57AFD382E5E740E00044693 /* README.md in Resources */,
			);
			runOnlyForDeploymentPostprocessing = 0;
		};
		B55DBF302E5E525300CAF031 /* Resources */ = {
			isa = PBXResourcesBuildPhase;
			buildActionMask = 2147483647;
			files = (
			);
			runOnlyForDeploymentPostprocessing = 0;
		};
		B55DBF3A2E5E525300CAF031 /* Resources */ = {
			isa = PBXResourcesBuildPhase;
			buildActionMask = 2147483647;
			files = (
			);
			runOnlyForDeploymentPostprocessing = 0;
		};
/* End PBXResourcesBuildPhase section */

/* Begin PBXSourcesBuildPhase section */
		B55DBF1D2E5E525100CAF031 /* Sources */ = {
			isa = PBXSourcesBuildPhase;
			buildActionMask = 2147483647;
			files = (
				B57AFDA82E5E7D4400044693 /* HttpClient.swift in Sources */,
				B57AFDA92E5E7D4400044693 /* HttpEndPoint.swift in Sources */,
				B57AFDAA2E5E7D4400044693 /* HttpMethods.swift in Sources */,
				B57AFDAE2E5E860200044693 /* ArticleEndPoint.swift in Sources */,
				B57AFD2D2E5E740E00044693 /* ContentView.swift in Sources */,
				B57AFD2E2E5E740E00044693 /* AsyncImageView.swift in Sources */,
				B57AFD302E5E740E00044693 /* ArticleCellView.swift in Sources */,
				B57AFDB62E5E86E000044693 /* ArticleNetwork.swift in Sources */,
				B57AFD312E5E740E00044693 /* NYTArticlesApp.swift in Sources */,
				B57AFDAC2E5E832800044693 /* NetworkConstant.swift in Sources */,
				B57AFDBC2E5E88B400044693 /* ArticleModel.swift in Sources */,
				B57AFD332E5E740E00044693 /* HeaderNavigationView.swift in Sources */,
				B57AFDBF2E5E89DE00044693 /* RequestErrors.swift in Sources */,
				B57AFD342E5E740E00044693 /* ArticleListView.swift in Sources */,
				B57AFDB22E5E86AE00044693 /* ArticleNetwork+Contract.swift in Sources */,
				B57AFD352E5E740E00044693 /* ArticleListViewModel.swift in Sources */,
				B57AFDBA2E5E873600044693 /* ArticleRepository+Contract.swift in Sources */,
				B57AFDB82E5E871800044693 /* ArticleRepository.swift in Sources */,
			);
			runOnlyForDeploymentPostprocessing = 0;
		};
		B55DBF2E2E5E525300CAF031 /* Sources */ = {
			isa = PBXSourcesBuildPhase;
			buildActionMask = 2147483647;
			files = (
				B57AFD412E5E76E600044693 /* NYTArticlesTests.swift in Sources */,
			);
			runOnlyForDeploymentPostprocessing = 0;
		};
		B55DBF382E5E525300CAF031 /* Sources */ = {
			isa = PBXSourcesBuildPhase;
			buildActionMask = 2147483647;
			files = (
			);
			runOnlyForDeploymentPostprocessing = 0;
		};
/* End PBXSourcesBuildPhase section */

/* Begin PBXTargetDependency section */
		B55DBF342E5E525300CAF031 /* PBXTargetDependency */ = {
			isa = PBXTargetDependency;
			target = B55DBF202E5E525100CAF031 /* NYTArticles */;
			targetProxy = B55DBF332E5E525300CAF031 /* PBXContainerItemProxy */;
		};
		B55DBF3E2E5E525300CAF031 /* PBXTargetDependency */ = {
			isa = PBXTargetDependency;
			target = B55DBF202E5E525100CAF031 /* NYTArticles */;
			targetProxy = B55DBF3D2E5E525300CAF031 /* PBXContainerItemProxy */;
		};
/* End PBXTargetDependency section */

/* Begin XCBuildConfiguration section */
		B55DBF442E5E525300CAF031 /* Debug */ = {
			isa = XCBuildConfiguration;
			buildSettings = {
				ALWAYS_SEARCH_USER_PATHS = NO;
				ASSETCATALOG_COMPILER_GENERATE_SWIFT_ASSET_SYMBOL_EXTENSIONS = YES;
				CLANG_ANALYZER_NONNULL = YES;
				CLANG_ANALYZER_NUMBER_OBJECT_CONVERSION = YES_AGGRESSIVE;
				CLANG_CXX_LANGUAGE_STANDARD = "gnu++20";
				CLANG_ENABLE_MODULES = YES;
				CLANG_ENABLE_OBJC_ARC = YES;
				CLANG_ENABLE_OBJC_WEAK = YES;
				CLANG_WARN_BLOCK_CAPTURE_AUTORELEASING = YES;
				CLANG_WARN_BOOL_CONVERSION = YES;
				CLANG_WARN_COMMA = YES;
				CLANG_WARN_CONSTANT_CONVERSION = YES;
				CLANG_WARN_DEPRECATED_OBJC_IMPLEMENTATIONS = YES;
				CLANG_WARN_DIRECT_OBJC_ISA_USAGE = YES_ERROR;
				CLANG_WARN_DOCUMENTATION_COMMENTS = YES;
				CLANG_WARN_EMPTY_BODY = YES;
				CLANG_WARN_ENUM_CONVERSION = YES;
				CLANG_WARN_INFINITE_RECURSION = YES;
				CLANG_WARN_INT_CONVERSION = YES;
				CLANG_WARN_NON_LITERAL_NULL_CONVERSION = YES;
				CLANG_WARN_OBJC_IMPLICIT_RETAIN_SELF = YES;
				CLANG_WARN_OBJC_LITERAL_CONVERSION = YES;
				CLANG_WARN_OBJC_ROOT_CLASS = YES_ERROR;
				CLANG_WARN_QUOTED_INCLUDE_IN_FRAMEWORK_HEADER = YES;
				CLANG_WARN_RANGE_LOOP_ANALYSIS = YES;
				CLANG_WARN_STRICT_PROTOTYPES = YES;
				CLANG_WARN_SUSPICIOUS_MOVE = YES;
				CLANG_WARN_UNGUARDED_AVAILABILITY = YES_AGGRESSIVE;
				CLANG_WARN_UNREACHABLE_CODE = YES;
				CLANG_WARN__DUPLICATE_METHOD_MATCH = YES;
				COPY_PHASE_STRIP = NO;
				DEBUG_INFORMATION_FORMAT = dwarf;
				ENABLE_STRICT_OBJC_MSGSEND = YES;
				ENABLE_TESTABILITY = YES;
				ENABLE_USER_SCRIPT_SANDBOXING = YES;
				GCC_C_LANGUAGE_STANDARD = gnu17;
				GCC_DYNAMIC_NO_PIC = NO;
				GCC_NO_COMMON_BLOCKS = YES;
				GCC_OPTIMIZATION_LEVEL = 0;
				GCC_PREPROCESSOR_DEFINITIONS = (
					"DEBUG=1",
					"$(inherited)",
				);
				GCC_WARN_64_TO_32_BIT_CONVERSION = YES;
				GCC_WARN_ABOUT_RETURN_TYPE = YES_ERROR;
				GCC_WARN_UNDECLARED_SELECTOR = YES;
				GCC_WARN_UNINITIALIZED_AUTOS = YES_AGGRESSIVE;
				GCC_WARN_UNUSED_FUNCTION = YES;
				GCC_WARN_UNUSED_VARIABLE = YES;
				LOCALIZATION_PREFERS_STRING_CATALOGS = YES;
				MTL_ENABLE_DEBUG_INFO = INCLUDE_SOURCE;
				MTL_FAST_MATH = YES;
				ONLY_ACTIVE_ARCH = YES;
				SWIFT_ACTIVE_COMPILATION_CONDITIONS = "DEBUG $(inherited)";
				SWIFT_OPTIMIZATION_LEVEL = "-Onone";
			};
			name = Debug;
		};
		B55DBF452E5E525300CAF031 /* Release */ = {
			isa = XCBuildConfiguration;
			buildSettings = {
				ALWAYS_SEARCH_USER_PATHS = NO;
				ASSETCATALOG_COMPILER_GENERATE_SWIFT_ASSET_SYMBOL_EXTENSIONS = YES;
				CLANG_ANALYZER_NONNULL = YES;
				CLANG_ANALYZER_NUMBER_OBJECT_CONVERSION = YES_AGGRESSIVE;
				CLANG_CXX_LANGUAGE_STANDARD = "gnu++20";
				CLANG_ENABLE_MODULES = YES;
				CLANG_ENABLE_OBJC_ARC = YES;
				CLANG_ENABLE_OBJC_WEAK = YES;
				CLANG_WARN_BLOCK_CAPTURE_AUTORELEASING = YES;
				CLANG_WARN_BOOL_CONVERSION = YES;
				CLANG_WARN_COMMA = YES;
				CLANG_WARN_CONSTANT_CONVERSION = YES;
				CLANG_WARN_DEPRECATED_OBJC_IMPLEMENTATIONS = YES;
				CLANG_WARN_DIRECT_OBJC_ISA_USAGE = YES_ERROR;
				CLANG_WARN_DOCUMENTATION_COMMENTS = YES;
				CLANG_WARN_EMPTY_BODY = YES;
				CLANG_WARN_ENUM_CONVERSION = YES;
				CLANG_WARN_INFINITE_RECURSION = YES;
				CLANG_WARN_INT_CONVERSION = YES;
				CLANG_WARN_NON_LITERAL_NULL_CONVERSION = YES;
				CLANG_WARN_OBJC_IMPLICIT_RETAIN_SELF = YES;
				CLANG_WARN_OBJC_LITERAL_CONVERSION = YES;
				CLANG_WARN_OBJC_ROOT_CLASS = YES_ERROR;
				CLANG_WARN_QUOTED_INCLUDE_IN_FRAMEWORK_HEADER = YES;
				CLANG_WARN_RANGE_LOOP_ANALYSIS = YES;
				CLANG_WARN_STRICT_PROTOTYPES = YES;
				CLANG_WARN_SUSPICIOUS_MOVE = YES;
				CLANG_WARN_UNGUARDED_AVAILABILITY = YES_AGGRESSIVE;
				CLANG_WARN_UNREACHABLE_CODE = YES;
				CLANG_WARN__DUPLICATE_METHOD_MATCH = YES;
				COPY_PHASE_STRIP = NO;
				DEBUG_INFORMATION_FORMAT = "dwarf-with-dsym";
				ENABLE_NS_ASSERTIONS = NO;
				ENABLE_STRICT_OBJC_MSGSEND = YES;
				ENABLE_USER_SCRIPT_SANDBOXING = YES;
				GCC_C_LANGUAGE_STANDARD = gnu17;
				GCC_NO_COMMON_BLOCKS = YES;
				GCC_WARN_64_TO_32_BIT_CONVERSION = YES;
				GCC_WARN_ABOUT_RETURN_TYPE = YES_ERROR;
				GCC_WARN_UNDECLARED_SELECTOR = YES;
				GCC_WARN_UNINITIALIZED_AUTOS = YES_AGGRESSIVE;
				GCC_WARN_UNUSED_FUNCTION = YES;
				GCC_WARN_UNUSED_VARIABLE = YES;
				LOCALIZATION_PREFERS_STRING_CATALOGS = YES;
				MTL_ENABLE_DEBUG_INFO = NO;
				MTL_FAST_MATH = YES;
				SWIFT_COMPILATION_MODE = wholemodule;
			};
			name = Release;
		};
		B55DBF472E5E525300CAF031 /* Debug */ = {
			isa = XCBuildConfiguration;
			buildSettings = {
				ASSETCATALOG_COMPILER_APPICON_NAME = AppIcon;
				ASSETCATALOG_COMPILER_GLOBAL_ACCENT_COLOR_NAME = AccentColor;
				CODE_SIGN_ENTITLEMENTS = NYTArticles/NYTArticles.entitlements;
				CODE_SIGN_STYLE = Automatic;
				CURRENT_PROJECT_VERSION = 1;
				DEVELOPMENT_ASSET_PATHS = "\"NYTArticles/Utilities/Resources/Preview Content\"";
				DEVELOPMENT_TEAM = 6J3624W4Y5;
				ENABLE_HARDENED_RUNTIME = YES;
				ENABLE_PREVIEWS = YES;
				GENERATE_INFOPLIST_FILE = YES;
				"INFOPLIST_KEY_UIApplicationSceneManifest_Generation[sdk=iphoneos*]" = YES;
				"INFOPLIST_KEY_UIApplicationSceneManifest_Generation[sdk=iphonesimulator*]" = YES;
				"INFOPLIST_KEY_UIApplicationSupportsIndirectInputEvents[sdk=iphoneos*]" = YES;
				"INFOPLIST_KEY_UIApplicationSupportsIndirectInputEvents[sdk=iphonesimulator*]" = YES;
				"INFOPLIST_KEY_UILaunchScreen_Generation[sdk=iphoneos*]" = YES;
				"INFOPLIST_KEY_UILaunchScreen_Generation[sdk=iphonesimulator*]" = YES;
				"INFOPLIST_KEY_UIStatusBarStyle[sdk=iphoneos*]" = UIStatusBarStyleDefault;
				"INFOPLIST_KEY_UIStatusBarStyle[sdk=iphonesimulator*]" = UIStatusBarStyleDefault;
				INFOPLIST_KEY_UISupportedInterfaceOrientations_iPad = "UIInterfaceOrientationPortrait UIInterfaceOrientationPortraitUpsideDown UIInterfaceOrientationLandscapeLeft UIInterfaceOrientationLandscapeRight";
				INFOPLIST_KEY_UISupportedInterfaceOrientations_iPhone = "UIInterfaceOrientationPortrait UIInterfaceOrientationLandscapeLeft UIInterfaceOrientationLandscapeRight";
				IPHONEOS_DEPLOYMENT_TARGET = 18.2;
				LD_RUNPATH_SEARCH_PATHS = "@executable_path/Frameworks";
				"LD_RUNPATH_SEARCH_PATHS[sdk=macosx*]" = "@executable_path/../Frameworks";
				MACOSX_DEPLOYMENT_TARGET = 15.2;
				MARKETING_VERSION = 1.0;
				PRODUCT_BUNDLE_IDENTIFIER = nyt.NYTArticles;
				PRODUCT_NAME = "$(TARGET_NAME)";
				SDKROOT = auto;
				SUPPORTED_PLATFORMS = "iphoneos iphonesimulator macosx xros xrsimulator";
				SWIFT_EMIT_LOC_STRINGS = YES;
				SWIFT_VERSION = 5.0;
				TARGETED_DEVICE_FAMILY = "1,2,7";
				XROS_DEPLOYMENT_TARGET = 2.2;
			};
			name = Debug;
		};
		B55DBF482E5E525300CAF031 /* Release */ = {
			isa = XCBuildConfiguration;
			buildSettings = {
				ASSETCATALOG_COMPILER_APPICON_NAME = AppIcon;
				ASSETCATALOG_COMPILER_GLOBAL_ACCENT_COLOR_NAME = AccentColor;
				CODE_SIGN_ENTITLEMENTS = NYTArticles/NYTArticles.entitlements;
				CODE_SIGN_STYLE = Automatic;
				CURRENT_PROJECT_VERSION = 1;
				DEVELOPMENT_ASSET_PATHS = "\"NYTArticles/Utilities/Resources/Preview Content\"";
				DEVELOPMENT_TEAM = 6J3624W4Y5;
				ENABLE_HARDENED_RUNTIME = YES;
				ENABLE_PREVIEWS = YES;
				GENERATE_INFOPLIST_FILE = YES;
				"INFOPLIST_KEY_UIApplicationSceneManifest_Generation[sdk=iphoneos*]" = YES;
				"INFOPLIST_KEY_UIApplicationSceneManifest_Generation[sdk=iphonesimulator*]" = YES;
				"INFOPLIST_KEY_UIApplicationSupportsIndirectInputEvents[sdk=iphoneos*]" = YES;
				"INFOPLIST_KEY_UIApplicationSupportsIndirectInputEvents[sdk=iphonesimulator*]" = YES;
				"INFOPLIST_KEY_UILaunchScreen_Generation[sdk=iphoneos*]" = YES;
				"INFOPLIST_KEY_UILaunchScreen_Generation[sdk=iphonesimulator*]" = YES;
				"INFOPLIST_KEY_UIStatusBarStyle[sdk=iphoneos*]" = UIStatusBarStyleDefault;
				"INFOPLIST_KEY_UIStatusBarStyle[sdk=iphonesimulator*]" = UIStatusBarStyleDefault;
				INFOPLIST_KEY_UISupportedInterfaceOrientations_iPad = "UIInterfaceOrientationPortrait UIInterfaceOrientationPortraitUpsideDown UIInterfaceOrientationLandscapeLeft UIInterfaceOrientationLandscapeRight";
				INFOPLIST_KEY_UISupportedInterfaceOrientations_iPhone = "UIInterfaceOrientationPortrait UIInterfaceOrientationLandscapeLeft UIInterfaceOrientationLandscapeRight";
				IPHONEOS_DEPLOYMENT_TARGET = 18.2;
				LD_RUNPATH_SEARCH_PATHS = "@executable_path/Frameworks";
				"LD_RUNPATH_SEARCH_PATHS[sdk=macosx*]" = "@executable_path/../Frameworks";
				MACOSX_DEPLOYMENT_TARGET = 15.2;
				MARKETING_VERSION = 1.0;
				PRODUCT_BUNDLE_IDENTIFIER = nyt.NYTArticles;
				PRODUCT_NAME = "$(TARGET_NAME)";
				SDKROOT = auto;
				SUPPORTED_PLATFORMS = "iphoneos iphonesimulator macosx xros xrsimulator";
				SWIFT_EMIT_LOC_STRINGS = YES;
				SWIFT_VERSION = 5.0;
				TARGETED_DEVICE_FAMILY = "1,2,7";
				XROS_DEPLOYMENT_TARGET = 2.2;
			};
			name = Release;
		};
		B55DBF4A2E5E525300CAF031 /* Debug */ = {
			isa = XCBuildConfiguration;
			buildSettings = {
				BUNDLE_LOADER = "$(TEST_HOST)";
				CODE_SIGN_STYLE = Automatic;
				CURRENT_PROJECT_VERSION = 1;
				DEVELOPMENT_TEAM = 6J3624W4Y5;
				GENERATE_INFOPLIST_FILE = YES;
				IPHONEOS_DEPLOYMENT_TARGET = 18.2;
				MACOSX_DEPLOYMENT_TARGET = 15.2;
				MARKETING_VERSION = 1.0;
				PRODUCT_BUNDLE_IDENTIFIER = nyt.NYTArticlesTests;
				PRODUCT_NAME = "$(TARGET_NAME)";
				SDKROOT = auto;
				SUPPORTED_PLATFORMS = "iphoneos iphonesimulator macosx xros xrsimulator";
				SWIFT_EMIT_LOC_STRINGS = NO;
				SWIFT_VERSION = 5.0;
				TARGETED_DEVICE_FAMILY = "1,2,7";
				TEST_HOST = "$(BUILT_PRODUCTS_DIR)/NYTArticles.app/$(BUNDLE_EXECUTABLE_FOLDER_PATH)/NYTArticles";
				XROS_DEPLOYMENT_TARGET = 2.2;
			};
			name = Debug;
		};
		B55DBF4B2E5E525300CAF031 /* Release */ = {
			isa = XCBuildConfiguration;
			buildSettings = {
				BUNDLE_LOADER = "$(TEST_HOST)";
				CODE_SIGN_STYLE = Automatic;
				CURRENT_PROJECT_VERSION = 1;
				DEVELOPMENT_TEAM = 6J3624W4Y5;
				GENERATE_INFOPLIST_FILE = YES;
				IPHONEOS_DEPLOYMENT_TARGET = 18.2;
				MACOSX_DEPLOYMENT_TARGET = 15.2;
				MARKETING_VERSION = 1.0;
				PRODUCT_BUNDLE_IDENTIFIER = nyt.NYTArticlesTests;
				PRODUCT_NAME = "$(TARGET_NAME)";
				SDKROOT = auto;
				SUPPORTED_PLATFORMS = "iphoneos iphonesimulator macosx xros xrsimulator";
				SWIFT_EMIT_LOC_STRINGS = NO;
				SWIFT_VERSION = 5.0;
				TARGETED_DEVICE_FAMILY = "1,2,7";
				TEST_HOST = "$(BUILT_PRODUCTS_DIR)/NYTArticles.app/$(BUNDLE_EXECUTABLE_FOLDER_PATH)/NYTArticles";
				XROS_DEPLOYMENT_TARGET = 2.2;
			};
			name = Release;
		};
		B55DBF4D2E5E525300CAF031 /* Debug */ = {
			isa = XCBuildConfiguration;
			buildSettings = {
				CODE_SIGN_STYLE = Automatic;
				CURRENT_PROJECT_VERSION = 1;
				DEVELOPMENT_TEAM = 6J3624W4Y5;
				GENERATE_INFOPLIST_FILE = YES;
				IPHONEOS_DEPLOYMENT_TARGET = 18.2;
				MACOSX_DEPLOYMENT_TARGET = 15.2;
				MARKETING_VERSION = 1.0;
				PRODUCT_BUNDLE_IDENTIFIER = nyt.NYTArticlesUITests;
				PRODUCT_NAME = "$(TARGET_NAME)";
				SDKROOT = auto;
				SUPPORTED_PLATFORMS = "iphoneos iphonesimulator macosx xros xrsimulator";
				SWIFT_EMIT_LOC_STRINGS = NO;
				SWIFT_VERSION = 5.0;
				TARGETED_DEVICE_FAMILY = "1,2,7";
				TEST_TARGET_NAME = NYTArticles;
				XROS_DEPLOYMENT_TARGET = 2.2;
			};
			name = Debug;
		};
		B55DBF4E2E5E525300CAF031 /* Release */ = {
			isa = XCBuildConfiguration;
			buildSettings = {
				CODE_SIGN_STYLE = Automatic;
				CURRENT_PROJECT_VERSION = 1;
				DEVELOPMENT_TEAM = 6J3624W4Y5;
				GENERATE_INFOPLIST_FILE = YES;
				IPHONEOS_DEPLOYMENT_TARGET = 18.2;
				MACOSX_DEPLOYMENT_TARGET = 15.2;
				MARKETING_VERSION = 1.0;
				PRODUCT_BUNDLE_IDENTIFIER = nyt.NYTArticlesUITests;
				PRODUCT_NAME = "$(TARGET_NAME)";
				SDKROOT = auto;
				SUPPORTED_PLATFORMS = "iphoneos iphonesimulator macosx xros xrsimulator";
				SWIFT_EMIT_LOC_STRINGS = NO;
				SWIFT_VERSION = 5.0;
				TARGETED_DEVICE_FAMILY = "1,2,7";
				TEST_TARGET_NAME = NYTArticles;
				XROS_DEPLOYMENT_TARGET = 2.2;
			};
			name = Release;
		};
/* End XCBuildConfiguration section */

/* Begin XCConfigurationList section */
		B55DBF1C2E5E525100CAF031 /* Build configuration list for PBXProject "NYTArticles" */ = {
			isa = XCConfigurationList;
			buildConfigurations = (
				B55DBF442E5E525300CAF031 /* Debug */,
				B55DBF452E5E525300CAF031 /* Release */,
			);
			defaultConfigurationIsVisible = 0;
			defaultConfigurationName = Release;
		};
		B55DBF462E5E525300CAF031 /* Build configuration list for PBXNativeTarget "NYTArticles" */ = {
			isa = XCConfigurationList;
			buildConfigurations = (
				B55DBF472E5E525300CAF031 /* Debug */,
				B55DBF482E5E525300CAF031 /* Release */,
			);
			defaultConfigurationIsVisible = 0;
			defaultConfigurationName = Release;
		};
		B55DBF492E5E525300CAF031 /* Build configuration list for PBXNativeTarget "NYTArticlesTests" */ = {
			isa = XCConfigurationList;
			buildConfigurations = (
				B55DBF4A2E5E525300CAF031 /* Debug */,
				B55DBF4B2E5E525300CAF031 /* Release */,
			);
			defaultConfigurationIsVisible = 0;
			defaultConfigurationName = Release;
		};
		B55DBF4C2E5E525300CAF031 /* Build configuration list for PBXNativeTarget "NYTArticlesUITests" */ = {
			isa = XCConfigurationList;
			buildConfigurations = (
				B55DBF4D2E5E525300CAF031 /* Debug */,
				B55DBF4E2E5E525300CAF031 /* Release */,
			);
			defaultConfigurationIsVisible = 0;
			defaultConfigurationName = Release;
		};
/* End XCConfigurationList section */
	};
	rootObject = B55DBF192E5E525100CAF031 /* Project object */;
}
